
Microsoft Visual Studio Solution File, Format Version 12.00
# Visual Studio Version 17
VisualStudioVersion = 17.1.32228.430
MinimumVisualStudioVersion = 10.0.40219.1
Project("{8BC9CEB8-8B4A-11D0-8D11-00A0C91BC942}") = "第二题", "escape.c\escape.c.vcxproj", "{61A5B13E-A9CF-486A-968F-F5485193B07E}"
EndProject
Project("{8BC9CEB8-8B4A-11D0-8D11-00A0C91BC942}") = "第三题", "第三题\第三题.vcxproj", "{6E06D027-94EE-481B-BCAC-D606457B543F}"
EndProject
Project("{8BC9CEB8-8B4A-11D0-8D11-00A0C91BC942}") = "第四题", "第四题\第四题.vcxproj", "{C37CD6B4-1017-4EC3-9237-EE67311156F2}"
EndProject
Project("{8BC9CEB8-8B4A-11D0-8D11-00A0C91BC942}") = "第五题", "第五题\第五题.vcxproj", "{982A0523-37D6-414E-82D6-CE31239AC76C}"
EndProject
Project("{8BC9CEB8-8B4A-11D0-8D11-00A0C91BC942}") = "第六题。", "第六题。\第六题。.vcxproj", "{29D860F6-EA9D-4DE0-B582-F45B35A33F34}"
EndProject
Global
	GlobalSection(SolutionConfigurationPlatforms) = preSolution
		Debug|x64 = Debug|x64
		Debug|x86 = Debug|x86
		Release|x64 = Release|x64
		Release|x86 = Release|x86
	EndGlobalSection
	GlobalSection(ProjectConfigurationPlatforms) = postSolution
		{61A5B13E-A9CF-486A-968F-F5485193B07E}.Debug|x64.ActiveCfg = Debug|x64
		{61A5B13E-A9CF-486A-968F-F5485193B07E}.Debug|x64.Build.0 = Debug|x64
		{61A5B13E-A9CF-486A-968F-F5485193B07E}.Debug|x86.ActiveCfg = Debug|Win32
		{61A5B13E-A9CF-486A-968F-F5485193B07E}.Debug|x86.Build.0 = Debug|Win32
		{61A5B13E-A9CF-486A-968F-F5485193B07E}.Release|x64.ActiveCfg = Release|x64
		{61A5B13E-A9CF-486A-968F-F5485193B07E}.Release|x64.Build.0 = Release|x64
		{61A5B13E-A9CF-486A-968F-F5485193B07E}.Release|x86.ActiveCfg = Release|Win32
		{61A5B13E-A9CF-486A-968F-F5485193B07E}.Release|x86.Build.0 = Release|Win32
		{6E06D027-94EE-481B-BCAC-D606457B543F}.Debug|x64.ActiveCfg = Debug|x64
		{6E06D027-94EE-481B-BCAC-D606457B543F}.Debug|x64.Build.0 = Debug|x64
		{6E06D027-94EE-481B-BCAC-D606457B543F}.Debug|x86.ActiveCfg = Debug|Win32
		{6E06D027-94EE-481B-BCAC-D606457B543F}.Debug|x86.Build.0 = Debug|Win32
		{6E06D027-94EE-481B-BCAC-D606457B543F}.Release|x64.ActiveCfg = Release|x64
		{6E06D027-94EE-481B-BCAC-D606457B543F}.Release|x64.Build.0 = Release|x64
		{6E06D027-94EE-481B-BCAC-D606457B543F}.Release|x86.ActiveCfg = Release|Win32
		{6E06D027-94EE-481B-BCAC-D606457B543F}.Release|x86.Build.0 = Release|Win32
		{C37CD6B4-1017-4EC3-9237-EE67311156F2}.Debug|x64.ActiveCfg = Debug|x64
		{C37CD6B4-1017-4EC3-9237-EE67311156F2}.Debug|x64.Build.0 = Debug|x64
		{C37CD6B4-1017-4EC3-9237-EE67311156F2}.Debug|x86.ActiveCfg = Debug|Win32
		{C37CD6B4-1017-4EC3-9237-EE67311156F2}.Debug|x86.Build.0 = Debug|Win32
		{C37CD6B4-1017-4EC3-9237-EE67311156F2}.Release|x64.ActiveCfg = Release|x64
		{C37CD6B4-1017-4EC3-9237-EE67311156F2}.Release|x64.Build.0 = Release|x64
		{C37CD6B4-1017-4EC3-9237-EE67311156F2}.Release|x86.ActiveCfg = Release|Win32
		{C37CD6B4-1017-4EC3-9237-EE67311156F2}.Release|x86.Build.0 = Release|Win32
		{982A0523-37D6-414E-82D6-CE31239AC76C}.Debug|x64.ActiveCfg = Debug|x64
		{982A0523-37D6-414E-82D6-CE31239AC76C}.Debug|x64.Build.0 = Debug|x64
		{982A0523-37D6-414E-82D6-CE31239AC76C}.Debug|x86.ActiveCfg = Debug|Win32
		{982A0523-37D6-414E-82D6-CE31239AC76C}.Debug|x86.Build.0 = Debug|Win32
		{982A0523-37D6-414E-82D6-CE31239AC76C}.Release|x64.ActiveCfg = Release|x64
		{982A0523-37D6-414E-82D6-CE31239AC76C}.Release|x64.Build.0 = Release|x64
		{982A0523-37D6-414E-82D6-CE31239AC76C}.Release|x86.ActiveCfg = Release|Win32
		{982A0523-37D6-414E-82D6-CE31239AC76C}.Release|x86.Build.0 = Release|Win32
		{29D860F6-EA9D-4DE0-B582-F45B35A33F34}.Debug|x64.ActiveCfg = Debug|x64
		{29D860F6-EA9D-4DE0-B582-F45B35A33F34}.Debug|x64.Build.0 = Debug|x64
		{29D860F6-EA9D-4DE0-B582-F45B35A33F34}.Debug|x86.ActiveCfg = Debug|Win32
		{29D860F6-EA9D-4DE0-B582-F45B35A33F34}.Debug|x86.Build.0 = Debug|Win32
		{29D860F6-EA9D-4DE0-B582-F45B35A33F34}.Release|x64.ActiveCfg = Release|x64
		{29D860F6-EA9D-4DE0-B582-F45B35A33F34}.Release|x64.Build.0 = Release|x64
		{29D860F6-EA9D-4DE0-B582-F45B35A33F34}.Release|x86.ActiveCfg = Release|Win32
		{29D860F6-EA9D-4DE0-B582-F45B35A33F34}.Release|x86.Build.0 = Release|Win32
	EndGlobalSection
	GlobalSection(SolutionProperties) = preSolution
		HideSolutionNode = FALSE
	EndGlobalSection
	GlobalSection(ExtensibilityGlobals) = postSolution
		SolutionGuid = {D7244652-F5C7-45A1-AEA5-559F0089F8D0}
	EndGlobalSection
EndGlobal
